<?xml version="1.0" encoding="utf-8"?>
<Project ToolsVersion="4.0" xmlns="http://schemas.microsoft.com/developer/msbuild/2003">
  <ItemGroup>
    <Filter Include="소스 파일">
      <UniqueIdentifier>{4FC737F1-C7A5-4376-A066-2A32D752A2FF}</UniqueIdentifier>
      <Extensions>cpp;c;cc;cxx;c++;cppm;ixx;def;odl;idl;hpj;bat;asm;asmx</Extensions>
    </Filter>
    <Filter Include="헤더 파일">
      <UniqueIdentifier>{93995380-89BD-4b04-88EB-625FBE52EBFB}</UniqueIdentifier>
      <Extensions>h;hh;hpp;hxx;h++;hm;inl;inc;ipp;xsd</Extensions>
    </Filter>
    <Filter Include="리소스 파일">
      <UniqueIdentifier>{67DA6AB6-F800-4c08-8B7A-83BB121AAD01}</UniqueIdentifier>
      <Extensions>rc;ico;cur;bmp;dlg;rc2;rct;bin;rgs;gif;jpg;jpeg;jpe;resx;tiff;tif;png;wav;mfcribbon-ms</Extensions>
    </Filter>
    <Filter Include="소스 파일\ch1">
      <UniqueIdentifier>{dfc5c91c-272b-41d8-80ae-4314efc288c3}</UniqueIdentifier>
    </Filter>
    <Filter Include="소스 파일\ch2">
      <UniqueIdentifier>{3661246f-bd13-4ec0-b66c-766bdba37794}</UniqueIdentifier>
    </Filter>
    <Filter Include="소스 파일\ch2\1.basic">
      <UniqueIdentifier>{f50dfd2f-93ce-4a78-b45a-885ed766c2c0}</UniqueIdentifier>
    </Filter>
  </ItemGroup>
  <ItemGroup>
    <ClCompile Include="ch1_4_new_delete.cpp">
      <Filter>소스 파일\ch1</Filter>
    </ClCompile>
    <ClCompile Include="ch1_3_bool.cpp">
      <Filter>소스 파일\ch1</Filter>
    </ClCompile>
    <ClCompile Include="ch1_2_cpp_io.cpp">
      <Filter>소스 파일\ch1</Filter>
    </ClCompile>
    <ClCompile Include="ch1_5_overloading.cpp">
      <Filter>소스 파일\ch1</Filter>
    </ClCompile>
    <ClCompile Include="ch1_6_defalt_value.cpp">
      <Filter>소스 파일\ch1</Filter>
    </ClCompile>
    <ClCompile Include="ch1_7_inline.cpp">
      <Filter>소스 파일\ch1</Filter>
    </ClCompile>
    <ClCompile Include="ch1_8_namespace.cpp">
      <Filter>소스 파일\ch1</Filter>
    </ClCompile>
    <ClCompile Include="ch1_9_referance.cpp">
      <Filter>소스 파일\ch1</Filter>
    </ClCompile>
    <ClCompile Include="MyTv.cpp">
      <Filter>소스 파일\ch2\1.basic</Filter>
    </ClCompile>
    <ClCompile Include="Student.cpp">
      <Filter>소스 파일\ch2\1.basic</Filter>
    </ClCompile>
    <ClCompile Include="Card.cpp">
      <Filter>소스 파일\ch2\1.basic</Filter>
    </ClCompile>
    <ClCompile Include="MyCar.cpp">
      <Filter>소스 파일\ch2\1.basic</Filter>
    </ClCompile>
  </ItemGroup>
</Project>